{
  "name": "webhook-radar",
  "version": "1.0.0",
  "lockfileVersion": 3,
  "requires": true,
  "packages": {
    "": {
      "name": "webhook-radar",
      "version": "1.0.0",
      "dependencies": {
        "playwright-core": "1.63.0",
        "undici": "6.29.0"
      },
      "engines": {
        "node": ">=20"
      }
    },
    "node_modules/playwright-core": {
      "version": "1.63.0",
      "resolved": "https://registry.npmjs.org/playwright-core/-/playwright-core-1.63.0.tgz",
      "integrity": "sha512-rYCsBF/M5HjUch52bbtVONEFjv6Xu8sm8h72dNlR5bzIE1fvC/bxgspzkjSfU+MweEMmPM8KJebG6nnyxo5mCg==",
      "license": "Apache-2.0",
      "bin": {
        "playwright-core": "cli.js"
      },
      "engines": {
        "node": ">=20"
      }
    },
    "node_modules/undici": {
      "version": "6.29.0",
      "resolved": "https://registry.npmjs.org/undici/-/undici-6.29.0.tgz",
      "integrity": "sha512-R+RODBqp6i2pPflGdq+xIOUkl+RNfGgHwoinecKu/JCuf2uO06cOKoDbI2P7Dn6KcswdKwrczbU6IYJ6K8X+wg==",
      "license": "MIT",
      "engines": {
        "node": ">=18.17"
      }
    }
  }
}
